// !$*UTF8*$!
{
	archiveVersion = 1;
	classes = {
	};
	objectVersion = 46;
	objects = {

/* Begin PBXBuildFile section */
		EB16F73C150099D800886595 /* Foundation.framework in Frameworks */ = {isa = PBXBuildFile; fileRef = EB16F73B150099D800886595 /* Foundation.framework */; };
		EB16F73E150099D800886595 /* UIKit.framework in Frameworks */ = {isa = PBXBuildFile; fileRef = EB16F73D150099D800886595 /* UIKit.framework */; };
		EB16F740150099D800886595 /* CoreGraphics.framework in Frameworks */ = {isa = PBXBuildFile; fileRef = EB16F73F150099D800886595 /* CoreGraphics.framework */; };
		EB16F742150099D800886595 /* AddressBook.framework in Frameworks */ = {isa = PBXBuildFile; fileRef = EB16F741150099D800886595 /* AddressBook.framework */; };
		EB16F744150099D800886595 /* AddressBookUI.framework in Frameworks */ = {isa = PBXBuildFile; fileRef = EB16F743150099D800886595 /* AddressBookUI.framework */; };
		EB16F746150099D800886595 /* AudioToolbox.framework in Frameworks */ = {isa = PBXBuildFile; fileRef = EB16F745150099D800886595 /* AudioToolbox.framework */; };
		EB16F748150099D800886595 /* AVFoundation.framework in Frameworks */ = {isa = PBXBuildFile; fileRef = EB16F747150099D800886595 /* AVFoundation.framework */; };
		EB16F74A150099D800886595 /* CoreLocation.framework in Frameworks */ = {isa = PBXBuildFile; fileRef = EB16F749150099D800886595 /* CoreLocation.framework */; };
		EB16F74C150099D800886595 /* MediaPlayer.framework in Frameworks */ = {isa = PBXBuildFile; fileRef = EB16F74B150099D800886595 /* MediaPlayer.framework */; };
		EB16F74E150099D800886595 /* QuartzCore.framework in Frameworks */ = {isa = PBXBuildFile; fileRef = EB16F74D150099D800886595 /* QuartzCore.framework */; };
		EB16F750150099D800886595 /* SystemConfiguration.framework in Frameworks */ = {isa = PBXBuildFile; fileRef = EB16F74F150099D800886595 /* SystemConfiguration.framework */; };
		EB16F752150099D800886595 /* MobileCoreServices.framework in Frameworks */ = {isa = PBXBuildFile; fileRef = EB16F751150099D800886595 /* MobileCoreServices.framework */; };
		EB16F754150099D800886595 /* CoreMedia.framework in Frameworks */ = {isa = PBXBuildFile; fileRef = EB16F753150099D800886595 /* CoreMedia.framework */; };
		EB16F75A150099D800886595 /* InfoPlist.strings in Resources */ = {isa = PBXBuildFile; fileRef = EB16F758150099D800886595 /* InfoPlist.strings */; };
		EB16F75C150099D800886595 /* main.m in Sources */ = {isa = PBXBuildFile; fileRef = EB16F75B150099D800886595 /* main.m */; };
		EB16F75F150099D800886595 /* PhoneGap.framework in Frameworks */ = {isa = PBXBuildFile; fileRef = EB16F75E150099D800886595 /* PhoneGap.framework */; };
		EB16F764150099D800886595 /* Localizable.strings in Resources */ = {isa = PBXBuildFile; fileRef = EB16F762150099D800886595 /* Localizable.strings */; };
		EB16F768150099D800886595 /* Localizable.strings in Resources */ = {isa = PBXBuildFile; fileRef = EB16F766150099D800886595 /* Localizable.strings */; };
		EB16F76B150099D800886595 /* icon.png in Resources */ = {isa = PBXBuildFile; fileRef = EB16F76A150099D800886595 /* icon.png */; };
		EB16F76D150099D800886595 /* icon@2x.png in Resources */ = {isa = PBXBuildFile; fileRef = EB16F76C150099D800886595 /* icon@2x.png */; };
		EB16F76F150099D900886595 /* icon-72.png in Resources */ = {isa = PBXBuildFile; fileRef = EB16F76E150099D800886595 /* icon-72.png */; };
		EB16F772150099D900886595 /* Default.png in Resources */ = {isa = PBXBuildFile; fileRef = EB16F771150099D900886595 /* Default.png */; };
		EB16F774150099D900886595 /* Default@2x.png in Resources */ = {isa = PBXBuildFile; fileRef = EB16F773150099D900886595 /* Default@2x.png */; };
		EB16F776150099D900886595 /* Capture.bundle in Resources */ = {isa = PBXBuildFile; fileRef = EB16F775150099D900886595 /* Capture.bundle */; };
		EB16F778150099D900886595 /* PhoneGap.plist in Resources */ = {isa = PBXBuildFile; fileRef = EB16F777150099D900886595 /* PhoneGap.plist */; };
		EB16F77C150099D900886595 /* AppDelegate.m in Sources */ = {isa = PBXBuildFile; fileRef = EB16F77B150099D900886595 /* AppDelegate.m */; };
		EB16F77F150099D900886595 /* MainViewController.m in Sources */ = {isa = PBXBuildFile; fileRef = EB16F77E150099D900886595 /* MainViewController.m */; };
		EB16F781150099D900886595 /* MainViewController.xib in Resources */ = {isa = PBXBuildFile; fileRef = EB16F780150099D900886595 /* MainViewController.xib */; };
		EB16F78A15009B9800886595 /* www in Resources */ = {isa = PBXBuildFile; fileRef = EB16F78915009B9800886595 /* www */; };
/* End PBXBuildFile section */

/* Begin PBXFileReference section */
		EB16F737150099D800886595 /* iphone.app */ = {isa = PBXFileReference; explicitFileType = wrapper.application; includeInIndex = 0; path = iphone.app; sourceTree = BUILT_PRODUCTS_DIR; };
		EB16F73B150099D800886595 /* Foundation.framework */ = {isa = PBXFileReference; lastKnownFileType = wrapper.framework; name = Foundation.framework; path = System/Library/Frameworks/Foundation.framework; sourceTree = SDKROOT; };
		EB16F73D150099D800886595 /* UIKit.framework */ = {isa = PBXFileReference; lastKnownFileType = wrapper.framework; name = UIKit.framework; path = System/Library/Frameworks/UIKit.framework; sourceTree = SDKROOT; };
		EB16F73F150099D800886595 /* CoreGraphics.framework */ = {isa = PBXFileReference; lastKnownFileType = wrapper.framework; name = CoreGraphics.framework; path = System/Library/Frameworks/CoreGraphics.framework; sourceTree = SDKROOT; };
		EB16F741150099D800886595 /* AddressBook.framework */ = {isa = PBXFileReference; lastKnownFileType = wrapper.framework; name = AddressBook.framework; path = System/Library/Frameworks/AddressBook.framework; sourceTree = SDKROOT; };
		EB16F743150099D800886595 /* AddressBookUI.framework */ = {isa = PBXFileReference; lastKnownFileType = wrapper.framework; name = AddressBookUI.framework; path = System/Library/Frameworks/AddressBookUI.framework; sourceTree = SDKROOT; };
		EB16F745150099D800886595 /* AudioToolbox.framework */ = {isa = PBXFileReference; lastKnownFileType = wrapper.framework; name = AudioToolbox.framework; path = System/Library/Frameworks/AudioToolbox.framework; sourceTree = SDKROOT; };
		EB16F747150099D800886595 /* AVFoundation.framework */ = {isa = PBXFileReference; lastKnownFileType = wrapper.framework; name = AVFoundation.framework; path = System/Library/Frameworks/AVFoundation.framework; sourceTree = SDKROOT; };
		EB16F749150099D800886595 /* CoreLocation.framework */ = {isa = PBXFileReference; lastKnownFileType = wrapper.framework; name = CoreLocation.framework; path = System/Library/Frameworks/CoreLocation.framework; sourceTree = SDKROOT; };
		EB16F74B150099D800886595 /* MediaPlayer.framework */ = {isa = PBXFileReference; lastKnownFileType = wrapper.framework; name = MediaPlayer.framework; path = System/Library/Frameworks/MediaPlayer.framework; sourceTree = SDKROOT; };
		EB16F74D150099D800886595 /* QuartzCore.framework */ = {isa = PBXFileReference; lastKnownFileType = wrapper.framework; name = QuartzCore.framework; path = System/Library/Frameworks/QuartzCore.framework; sourceTree = SDKROOT; };
		EB16F74F150099D800886595 /* SystemConfiguration.framework */ = {isa = PBXFileReference; lastKnownFileType = wrapper.framework; name = SystemConfiguration.framework; path = System/Library/Frameworks/SystemConfiguration.framework; sourceTree = SDKROOT; };
		EB16F751150099D800886595 /* MobileCoreServices.framework */ = {isa = PBXFileReference; lastKnownFileType = wrapper.framework; name = MobileCoreServices.framework; path = System/Library/Frameworks/MobileCoreServices.framework; sourceTree = SDKROOT; };
		EB16F753150099D800886595 /* CoreMedia.framework */ = {isa = PBXFileReference; lastKnownFileType = wrapper.framework; name = CoreMedia.framework; path = System/Library/Frameworks/CoreMedia.framework; sourceTree = SDKROOT; };
		EB16F757150099D800886595 /* iphone-Info.plist */ = {isa = PBXFileReference; lastKnownFileType = text.plist.xml; path = "iphone-Info.plist"; sourceTree = "<group>"; };
		EB16F759150099D800886595 /* en */ = {isa = PBXFileReference; lastKnownFileType = text.plist.strings; name = en; path = en.lproj/InfoPlist.strings; sourceTree = "<group>"; };
		EB16F75B150099D800886595 /* main.m */ = {isa = PBXFileReference; lastKnownFileType = sourcecode.c.objc; path = main.m; sourceTree = "<group>"; };
		EB16F75D150099D800886595 /* iphone-Prefix.pch */ = {isa = PBXFileReference; lastKnownFileType = sourcecode.c.h; path = "iphone-Prefix.pch"; sourceTree = "<group>"; };
		EB16F75E150099D800886595 /* PhoneGap.framework */ = {isa = PBXFileReference; lastKnownFileType = wrapper.framework; name = PhoneGap.framework; path = /Users/Shared/PhoneGap/Frameworks/PhoneGap.framework; sourceTree = "<absolute>"; };
		EB16F763150099D800886595 /* en */ = {isa = PBXFileReference; lastKnownFileType = text.plist.strings; name = en; path = Resources/en.lproj/Localizable.strings; sourceTree = "<group>"; };
		EB16F767150099D800886595 /* es */ = {isa = PBXFileReference; lastKnownFileType = text.plist.strings; name = es; path = Resources/es.lproj/Localizable.strings; sourceTree = "<group>"; };
		EB16F76A150099D800886595 /* icon.png */ = {isa = PBXFileReference; lastKnownFileType = image.png; name = icon.png; path = Resources/icons/icon.png; sourceTree = "<group>"; };
		EB16F76C150099D800886595 /* icon@2x.png */ = {isa = PBXFileReference; lastKnownFileType = image.png; name = "icon@2x.png"; path = "Resources/icons/icon@2x.png"; sourceTree = "<group>"; };
		EB16F76E150099D800886595 /* icon-72.png */ = {isa = PBXFileReference; lastKnownFileType = image.png; name = "icon-72.png"; path = "Resources/icons/icon-72.png"; sourceTree = "<group>"; };
		EB16F771150099D900886595 /* Default.png */ = {isa = PBXFileReference; lastKnownFileType = image.png; name = Default.png; path = Resources/splash/Default.png; sourceTree = "<group>"; };
		EB16F773150099D900886595 /* Default@2x.png */ = {isa = PBXFileReference; lastKnownFileType = image.png; name = "Default@2x.png"; path = "Resources/splash/Default@2x.png"; sourceTree = "<group>"; };
		EB16F775150099D900886595 /* Capture.bundle */ = {isa = PBXFileReference; lastKnownFileType = "wrapper.plug-in"; name = Capture.bundle; path = Resources/Capture.bundle; sourceTree = "<group>"; };
		EB16F777150099D900886595 /* PhoneGap.plist */ = {isa = PBXFileReference; lastKnownFileType = text.plist.xml; path = PhoneGap.plist; sourceTree = "<group>"; };
		EB16F77A150099D900886595 /* AppDelegate.h */ = {isa = PBXFileReference; lastKnownFileType = sourcecode.c.h; name = AppDelegate.h; path = Classes/AppDelegate.h; sourceTree = "<group>"; };
		EB16F77B150099D900886595 /* AppDelegate.m */ = {isa = PBXFileReference; lastKnownFileType = sourcecode.c.objc; name = AppDelegate.m; path = Classes/AppDelegate.m; sourceTree = "<group>"; };
		EB16F77D150099D900886595 /* MainViewController.h */ = {isa = PBXFileReference; lastKnownFileType = sourcecode.c.h; name = MainViewController.h; path = Classes/MainViewController.h; sourceTree = "<group>"; };
		EB16F77E150099D900886595 /* MainViewController.m */ = {isa = PBXFileReference; lastKnownFileType = sourcecode.c.objc; name = MainViewController.m; path = Classes/MainViewController.m; sourceTree = "<group>"; };
		EB16F780150099D900886595 /* MainViewController.xib */ = {isa = PBXFileReference; lastKnownFileType = file.xib; name = MainViewController.xib; path = Classes/MainViewController.xib; sourceTree = "<group>"; };
		EB16F783150099D900886595 /* README */ = {isa = PBXFileReference; lastKnownFileType = text; name = README; path = Plugins/README; sourceTree = "<group>"; };
		EB16F78915009B9800886595 /* www */ = {isa = PBXFileReference; lastKnownFileType = folder; path = www; sourceTree = "<group>"; };
/* End PBXFileReference section */

/* Begin PBXFrameworksBuildPhase section */
		EB16F731150099D800886595 /* Frameworks */ = {
			isa = PBXFrameworksBuildPhase;
			buildActionMask = 2147483647;
			files = (
				EB16F73C150099D800886595 /* Foundation.framework in Frameworks */,
				EB16F73E150099D800886595 /* UIKit.framework in Frameworks */,
				EB16F740150099D800886595 /* CoreGraphics.framework in Frameworks */,
				EB16F742150099D800886595 /* AddressBook.framework in Frameworks */,
				EB16F744150099D800886595 /* AddressBookUI.framework in Frameworks */,
				EB16F746150099D800886595 /* AudioToolbox.framework in Frameworks */,
				EB16F748150099D800886595 /* AVFoundation.framework in Frameworks */,
				EB16F74A150099D800886595 /* CoreLocation.framework in Frameworks */,
				EB16F74C150099D800886595 /* MediaPlayer.framework in Frameworks */,
				EB16F74E150099D800886595 /* QuartzCore.framework in Frameworks */,
				EB16F750150099D800886595 /* SystemConfiguration.framework in Frameworks */,
				EB16F752150099D800886595 /* MobileCoreServices.framework in Frameworks */,
				EB16F754150099D800886595 /* CoreMedia.framework in Frameworks */,
				EB16F75F150099D800886595 /* PhoneGap.framework in Frameworks */,
			);
			runOnlyForDeploymentPostprocessing = 0;
		};
		EB16F734150099D800886595 /* Frameworks */ = {
			isa = PBXFrameworksBuildPhase;
			buildActionMask = 2147483647;
			files = (
			);
			runOnlyForDeploymentPostprocessing = 0;
		};
/* End PBXFrameworksBuildPhase section */

/* Begin PBXGroup section */
		EB16F729150099D600886595 = {
			isa = PBXGroup;
			children = (
				EB16F78915009B9800886595 /* www */,
				EB16F755150099D800886595 /* iphone */,
				EB16F73A150099D800886595 /* Frameworks */,
				EB16F738150099D800886595 /* Products */,
			);
			sourceTree = "<group>";
		};
		EB16F738150099D800886595 /* Products */ = {
			isa = PBXGroup;
			children = (
				EB16F737150099D800886595 /* iphone.app */,
			);
			name = Products;
			sourceTree = "<group>";
		};
		EB16F73A150099D800886595 /* Frameworks */ = {
			isa = PBXGroup;
			children = (
				EB16F73B150099D800886595 /* Foundation.framework */,
				EB16F73D150099D800886595 /* UIKit.framework */,
				EB16F73F150099D800886595 /* CoreGraphics.framework */,
				EB16F741150099D800886595 /* AddressBook.framework */,
				EB16F743150099D800886595 /* AddressBookUI.framework */,
				EB16F745150099D800886595 /* AudioToolbox.framework */,
				EB16F747150099D800886595 /* AVFoundation.framework */,
				EB16F749150099D800886595 /* CoreLocation.framework */,
				EB16F74B150099D800886595 /* MediaPlayer.framework */,
				EB16F74D150099D800886595 /* QuartzCore.framework */,
				EB16F74F150099D800886595 /* SystemConfiguration.framework */,
				EB16F751150099D800886595 /* MobileCoreServices.framework */,
				EB16F753150099D800886595 /* CoreMedia.framework */,
			);
			name = Frameworks;
			sourceTree = "<group>";
		};
		EB16F755150099D800886595 /* iphone */ = {
			isa = PBXGroup;
			children = (
				EB16F75E150099D800886595 /* PhoneGap.framework */,
				EB16F760150099D800886595 /* Resources */,
				EB16F779150099D900886595 /* Classes */,
				EB16F782150099D900886595 /* Plugins */,
				EB16F756150099D800886595 /* Supporting Files */,
			);
			path = iphone;
			sourceTree = "<group>";
		};
		EB16F756150099D800886595 /* Supporting Files */ = {
			isa = PBXGroup;
			children = (
				EB16F757150099D800886595 /* iphone-Info.plist */,
				EB16F758150099D800886595 /* InfoPlist.strings */,
				EB16F75B150099D800886595 /* main.m */,
				EB16F75D150099D800886595 /* iphone-Prefix.pch */,
				EB16F777150099D900886595 /* PhoneGap.plist */,
				EB16F780150099D900886595 /* MainViewController.xib */,
			);
			name = "Supporting Files";
			sourceTree = "<group>";
		};
		EB16F760150099D800886595 /* Resources */ = {
			isa = PBXGroup;
			children = (
				EB16F775150099D900886595 /* Capture.bundle */,
				EB16F761150099D800886595 /* en.lproj */,
				EB16F765150099D800886595 /* es.lproj */,
				EB16F769150099D800886595 /* icons */,
				EB16F770150099D900886595 /* splash */,
			);
			name = Resources;
			sourceTree = "<group>";
		};
		EB16F761150099D800886595 /* en.lproj */ = {
			isa = PBXGroup;
			children = (
				EB16F762150099D800886595 /* Localizable.strings */,
			);
			name = en.lproj;
			sourceTree = "<group>";
		};
		EB16F765150099D800886595 /* es.lproj */ = {
			isa = PBXGroup;
			children = (
				EB16F766150099D800886595 /* Localizable.strings */,
			);
			name = es.lproj;
			sourceTree = "<group>";
		};
		EB16F769150099D800886595 /* icons */ = {
			isa = PBXGroup;
			children = (
				EB16F76A150099D800886595 /* icon.png */,
				EB16F76C150099D800886595 /* icon@2x.png */,
				EB16F76E150099D800886595 /* icon-72.png */,
			);
			name = icons;
			sourceTree = "<group>";
		};
		EB16F770150099D900886595 /* splash */ = {
			isa = PBXGroup;
			children = (
				EB16F771150099D900886595 /* Default.png */,
				EB16F773150099D900886595 /* Default@2x.png */,
			);
			name = splash;
			sourceTree = "<group>";
		};
		EB16F779150099D900886595 /* Classes */ = {
			isa = PBXGroup;
			children = (
				EB16F77A150099D900886595 /* AppDelegate.h */,
				EB16F77B150099D900886595 /* AppDelegate.m */,
				EB16F77D150099D900886595 /* MainViewController.h */,
				EB16F77E150099D900886595 /* MainViewController.m */,
			);
			name = Classes;
			sourceTree = "<group>";
		};
		EB16F782150099D900886595 /* Plugins */ = {
			isa = PBXGroup;
			children = (
				EB16F783150099D900886595 /* README */,
			);
			name = Plugins;
			sourceTree = "<group>";
		};
/* End PBXGroup section */

/* Begin PBXNativeTarget section */
		EB16F736150099D800886595 /* iphone */ = {
			isa = PBXNativeTarget;
			buildConfigurationList = EB16F786150099D900886595 /* Build configuration list for PBXNativeTarget "iphone" */;
			buildPhases = (
				EB16F730150099D800886595 /* Sources */,
				EB16F731150099D800886595 /* Frameworks */,
				EB16F732150099D800886595 /* Resources */,
				EB16F733150099D800886595 /* Sources */,
				EB16F734150099D800886595 /* Frameworks */,
				EB16F735150099D800886595 /* ShellScript */,
			);
			buildRules = (
			);
			dependencies = (
			);
			name = iphone;
			productName = iphone;
			productReference = EB16F737150099D800886595 /* iphone.app */;
			productType = "com.apple.product-type.application";
		};
/* End PBXNativeTarget section */

/* Begin PBXProject section */
		EB16F72B150099D700886595 /* Project object */ = {
			isa = PBXProject;
			attributes = {
				LastUpgradeCheck = 0430;
				ORGANIZATIONNAME = "Victoria University of Wellington";
			};
			buildConfigurationList = EB16F72E150099D700886595 /* Build configuration list for PBXProject "iphone" */;
			compatibilityVersion = "Xcode 3.2";
			developmentRegion = English;
			hasScannedForEncodings = 0;
			knownRegions = (
				en,
				es,
			);
			mainGroup = EB16F729150099D600886595;
			productRefGroup = EB16F738150099D800886595 /* Products */;
			projectDirPath = "";
			projectRoot = "";
			targets = (
				EB16F736150099D800886595 /* iphone */,
			);
		};
/* End PBXProject section */

/* Begin PBXResourcesBuildPhase section */
		EB16F732150099D800886595 /* Resources */ = {
			isa = PBXResourcesBuildPhase;
			buildActionMask = 2147483647;
			files = (
				EB16F75A150099D800886595 /* InfoPlist.strings in Resources */,
				EB16F764150099D800886595 /* Localizable.strings in Resources */,
				EB16F768150099D800886595 /* Localizable.strings in Resources */,
				EB16F76B150099D800886595 /* icon.png in Resources */,
				EB16F76D150099D800886595 /* icon@2x.png in Resources */,
				EB16F76F150099D900886595 /* icon-72.png in Resources */,
				EB16F772150099D900886595 /* Default.png in Resources */,
				EB16F774150099D900886595 /* Default@2x.png in Resources */,
				EB16F776150099D900886595 /* Capture.bundle in Resources */,
				EB16F778150099D900886595 /* PhoneGap.plist in Resources */,
				EB16F781150099D900886595 /* MainViewController.xib in Resources */,
				EB16F78A15009B9800886595 /* www in Resources */,
			);
			runOnlyForDeploymentPostprocessing = 0;
		};
/* End PBXResourcesBuildPhase section */

/* Begin PBXShellScriptBuildPhase section */
		EB16F735150099D800886595 /* ShellScript */ = {
			isa = PBXShellScriptBuildPhase;
			buildActionMask = 2147483647;
			files = (
			);
			inputPaths = (
			);
			outputPaths = (
			);
			runOnlyForDeploymentPostprocessing = 0;
			shellPath = /bin/bash;
			shellScript = "\n\t\t\t\t\t\t\t\tif [ ! -d \"$PROJECT_DIR/www\" ] ; then\n\t\t\t\t\t\t\t\t\tcp -R /Users/Shared/PhoneGap/Frameworks/PhoneGap.framework/www \"$PROJECT_DIR\"\n\t\t\t\t\t\t\t\tfi\n\t\t\t\t\t\t\t\t# detect www folder reference in project, if missing, print warning\n\t\t\t\t\t\t\t\tgrep \"{isa = PBXFileReference; lastKnownFileType = folder; path = www; sourceTree = \\\"<group>\\\"; };\" \"$PROJECT_DIR/$PROJECT_NAME.xcodeproj/project.pbxproj\"\n\t\t\t\t\t\t\t\trc=$? \n\t\t\t\t\t\t\t\tif [ $rc != 0 ] ; then\n\t\t\t\t\t\t\t\techo -e \"warning: Missing - Add $PROJECT_DIR/www as a folder reference in your project. Just drag and drop the folder into your project, into the Project Navigator of Xcode 4. Make sure you select the second radio-button: 'Create folder references for any added folders' (which will create a blue folder)\" 1>&2\n\t\t\t\t\t\t\t\tfi\t\t\t\t\t\t\t";
		};
/* End PBXShellScriptBuildPhase section */

/* Begin PBXSourcesBuildPhase section */
		EB16F730150099D800886595 /* Sources */ = {
			isa = PBXSourcesBuildPhase;
			buildActionMask = 2147483647;
			files = (
				EB16F75C150099D800886595 /* main.m in Sources */,
				EB16F77C150099D900886595 /* AppDelegate.m in Sources */,
				EB16F77F150099D900886595 /* MainViewController.m in Sources */,
			);
			runOnlyForDeploymentPostprocessing = 0;
		};
		EB16F733150099D800886595 /* Sources */ = {
			isa = PBXSourcesBuildPhase;
			buildActionMask = 2147483647;
			files = (
			);
			runOnlyForDeploymentPostprocessing = 0;
		};
/* End PBXSourcesBuildPhase section */

/* Begin PBXVariantGroup section */
		EB16F758150099D800886595 /* InfoPlist.strings */ = {
			isa = PBXVariantGroup;
			children = (
				EB16F759150099D800886595 /* en */,
			);
			name = InfoPlist.strings;
			sourceTree = "<group>";
		};
		EB16F762150099D800886595 /* Localizable.strings */ = {
			isa = PBXVariantGroup;
			children = (
				EB16F763150099D800886595 /* en */,
			);
			name = Localizable.strings;
			sourceTree = "<group>";
		};
		EB16F766150099D800886595 /* Localizable.strings */ = {
			isa = PBXVariantGroup;
			children = (
				EB16F767150099D800886595 /* es */,
			);
			name = Localizable.strings;
			sourceTree = "<group>";
		};
/* End PBXVariantGroup section */

/* Begin XCBuildConfiguration section */
		EB16F784150099D900886595 /* Debug */ = {
			isa = XCBuildConfiguration;
			buildSettings = {
				ALWAYS_SEARCH_USER_PATHS = NO;
				ARCHS = "$(ARCHS_STANDARD_32_BIT)";
				CLANG_ENABLE_OBJC_ARC = NO;
				"CODE_SIGN_IDENTITY[sdk=iphoneos*]" = "iPhone Developer";
				COPY_PHASE_STRIP = NO;
				GCC_C_LANGUAGE_STANDARD = gnu99;
				GCC_DYNAMIC_NO_PIC = NO;
				GCC_OPTIMIZATION_LEVEL = 0;
				GCC_PREPROCESSOR_DEFINITIONS = (
					"DEBUG=1",
					"$(inherited)",
				);
				GCC_SYMBOLS_PRIVATE_EXTERN = NO;
				GCC_VERSION = com.apple.compilers.llvmgcc42;
				GCC_WARN_ABOUT_MISSING_PROTOTYPES = YES;
				GCC_WARN_ABOUT_RETURN_TYPE = YES;
				GCC_WARN_UNUSED_VARIABLE = YES;
				IPHONEOS_DEPLOYMENT_TARGET = 3.0;
				SDKROOT = iphoneos;
			};
			name = Debug;
		};
		EB16F785150099D900886595 /* Release */ = {
			isa = XCBuildConfiguration;
			buildSettings = {
				ALWAYS_SEARCH_USER_PATHS = NO;
				ARCHS = "$(ARCHS_STANDARD_32_BIT)";
				CLANG_ENABLE_OBJC_ARC = NO;
				"CODE_SIGN_IDENTITY[sdk=iphoneos*]" = "iPhone Developer";
				COPY_PHASE_STRIP = YES;
				GCC_C_LANGUAGE_STANDARD = gnu99;
				GCC_VERSION = com.apple.compilers.llvmgcc42;
				GCC_WARN_ABOUT_MISSING_PROTOTYPES = YES;
				GCC_WARN_ABOUT_RETURN_TYPE = YES;
				GCC_WARN_UNUSED_VARIABLE = YES;
				IPHONEOS_DEPLOYMENT_TARGET = 3.0;
				SDKROOT = iphoneos;
				VALIDATE_PRODUCT = YES;
			};
			name = Release;
		};
		EB16F787150099D900886595 /* Debug */ = {
			isa = XCBuildConfiguration;
			buildSettings = {
				ALWAYS_SEARCH_USER_PATHS = YES;
				COPY_PHASE_STRIP = NO;
				FRAMEWORK_SEARCH_PATHS = /Users/Shared/PhoneGap/Frameworks;
				GCC_DYNAMIC_NO_PIC = NO;
				GCC_PRECOMPILE_PREFIX_HEADER = YES;
				GCC_PREFIX_HEADER = "iphone/iphone-Prefix.pch";
				GCC_PREPROCESSOR_DEFINITIONS = "PHONEGAP_FRAMEWORK=YES";
				GCC_VERSION = com.apple.compilers.llvm.clang.1_0;
				INFOPLIST_FILE = "iphone/iphone-Info.plist";
				IPHONEOS_DEPLOYMENT_TARGET = 3.0;
				OTHER_LDFLAGS = (
					"-weak_framework",
					UIKit,
					"-weak_framework",
					AVFoundation,
					"-weak_framework",
					CoreMedia,
					"-weak_library",
					/usr/lib/libSystem.B.dylib,
				);
				PRODUCT_NAME = "$(TARGET_NAME)";
				TARGETED_DEVICE_FAMILY = 1;
				WRAPPER_EXTENSION = app;
			};
			name = Debug;
		};
		EB16F788150099D900886595 /* Release */ = {
			isa = XCBuildConfiguration;
			buildSettings = {
				ALWAYS_SEARCH_USER_PATHS = YES;
				COPY_PHASE_STRIP = YES;
				DEBUG_INFORMATION_FORMAT = "dwarf-with-dsym";
				FRAMEWORK_SEARCH_PATHS = /Users/Shared/PhoneGap/Frameworks;
				GCC_PRECOMPILE_PREFIX_HEADER = YES;
				GCC_PREFIX_HEADER = "iphone/iphone-Prefix.pch";
				GCC_PREPROCESSOR_DEFINITIONS = "PHONEGAP_FRAMEWORK=YES";
				GCC_VERSION = com.apple.compilers.llvm.clang.1_0;
				INFOPLIST_FILE = "iphone/iphone-Info.plist";
				IPHONEOS_DEPLOYMENT_TARGET = 3.0;
				OTHER_LDFLAGS = (
					"-weak_framework",
					UIKit,
					"-weak_framework",
					AVFoundation,
					"-weak_framework",
					CoreMedia,
					"-weak_library",
					/usr/lib/libSystem.B.dylib,
				);
				PRODUCT_NAME = "$(TARGET_NAME)";
				TARGETED_DEVICE_FAMILY = 1;
				VALIDATE_PRODUCT = YES;
				WRAPPER_EXTENSION = app;
			};
			name = Release;
		};
/* End XCBuildConfiguration section */

/* Begin XCConfigurationList section */
		EB16F72E150099D700886595 /* Build configuration list for PBXProject "iphone" */ = {
			isa = XCConfigurationList;
			buildConfigurations = (
				EB16F784150099D900886595 /* Debug */,
				EB16F785150099D900886595 /* Release */,
			);
			defaultConfigurationIsVisible = 0;
			defaultConfigurationName = Release;
		};
		EB16F786150099D900886595 /* Build configuration list for PBXNativeTarget "iphone" */ = {
			isa = XCConfigurationList;
			buildConfigurations = (
				EB16F787150099D900886595 /* Debug */,
				EB16F788150099D900886595 /* Release */,
			);
			defaultConfigurationIsVisible = 0;
			defaultConfigurationName = Release;
		};
/* End XCConfigurationList section */
	};
	rootObject = EB16F72B150099D700886595 /* Project object */;
}
